{
  "object": {
    "pins": [
      {
        "package": "GSPlayer",
        "repositoryURL": "https://github.com/wxxsw/GSPlayer.git",
        "state": {
          "branch": null,
          "revision": "95c57e6a9aa0aa39ff3c52d0376ddf94e400c574",
          "version": "0.2.16"
        }
      },
      {
        "package": "Pangu-Swift",
        "repositoryURL": "https://github.com/Apollonyan/pangu.Swift",
        "state": {
          "branch": "master",
          "revision": "2f9d559b61631350516ca5b38f98cff79f9e81fe",
          "version": null
        }
      },
      {
        "package": "Rainbow",
        "repositoryURL": "https://github.com/onevcat/Rainbow.git",
        "state": {
          "branch": null,
          "revision": "9c52c1952e9b2305d4507cf473392ac2d7c9b155",
          "version": "3.1.5"
        }
      },
      {
        "package": "subtitle",
        "repositoryURL": "https://github.com/Apollonyan/subtitle",
        "state": {
          "branch": "master",
          "revision": "3e9b00e97467e37a22cfaa37d3fa180cf4710e3d",
          "version": null
        }
      },
      {
        "package": "swift-argument-parser",
        "repositoryURL": "https://github.com/apple/swift-argument-parser",
        "state": {
          "branch": null,
          "revision": "15351c1cd009eba0b6e438bfef55ea9847a8dc4a",
          "version": "0.3.0"
        }
      },
      {
        "package": "tidy-sub",
        "repositoryURL": "https://github.com/Apollonyan/tidy-sub.git",
        "state": {
          "branch": "master",
          "revision": "3e4d37be73c4a75225cac9bf10969860d9a64487",
          "version": null
        }
      },
      {
        "package": "VideoPlayer",
        "repositoryURL": "https://github.com/Apollonyan/VideoPlayer.git",
        "state": {
          "branch": "master",
          "revision": "fb5d012f475e23c580f6aca8e03eebd6e16d2998",
          "version": null
        }
      }
    ]
  },
  "version": 1
}
